
Microsoft Visual Studio Solution File, Format Version 12.00
# Visual Studio Version 17
VisualStudioVersion = 17.8.34330.188
MinimumVisualStudioVersion = 10.0.40219.1
Project("{9A19103F-16F7-4668-BE54-9A1E7A4F7556}") = "Northwind.Web.Server", "Northwind.Web\Northwind.Web.Server\Northwind.Web.Server.csproj", "{1D6B8FD6-F837-45B8-9B88-17618A56322A}"
EndProject
Project("{54A90642-561A-4BB1-A94E-469ADEE60C69}") = "northwind.web.client", "Northwind.Web\northwind.web.client\northwind.web.client.esproj", "{536ADEDF-4766-4013-AC16-7FBED4B44251}"
EndProject
Global
	GlobalSection(SolutionConfigurationPlatforms) = preSolution
		Debug|Any CPU = Debug|Any CPU
		Release|Any CPU = Release|Any CPU
	EndGlobalSection
	GlobalSection(ProjectConfigurationPlatforms) = postSolution
		{1D6B8FD6-F837-45B8-9B88-17618A56322A}.Debug|Any CPU.ActiveCfg = Debug|Any CPU
		{1D6B8FD6-F837-45B8-9B88-17618A56322A}.Debug|Any CPU.Build.0 = Debug|Any CPU
		{1D6B8FD6-F837-45B8-9B88-17618A56322A}.Release|Any CPU.ActiveCfg = Release|Any CPU
		{1D6B8FD6-F837-45B8-9B88-17618A56322A}.Release|Any CPU.Build.0 = Release|Any CPU
		{536ADEDF-4766-4013-AC16-7FBED4B44251}.Debug|Any CPU.ActiveCfg = Debug|Any CPU
		{536ADEDF-4766-4013-AC16-7FBED4B44251}.Debug|Any CPU.Build.0 = Debug|Any CPU
		{536ADEDF-4766-4013-AC16-7FBED4B44251}.Debug|Any CPU.Deploy.0 = Debug|Any CPU
		{536ADEDF-4766-4013-AC16-7FBED4B44251}.Release|Any CPU.ActiveCfg = Release|Any CPU
		{536ADEDF-4766-4013-AC16-7FBED4B44251}.Release|Any CPU.Build.0 = Release|Any CPU
		{536ADEDF-4766-4013-AC16-7FBED4B44251}.Release|Any CPU.Deploy.0 = Release|Any CPU
	EndGlobalSection
	GlobalSection(SolutionProperties) = preSolution
		HideSolutionNode = FALSE
	EndGlobalSection
	GlobalSection(ExtensibilityGlobals) = postSolution
		SolutionGuid = {FBA133B8-7AE2-4346-AD59-EC7D038A417D}
	EndGlobalSection
EndGlobal
